
Microsoft Visual Studio Solution File, Format Version 12.00
# Visual Studio Version 17
VisualStudioVersion = 17.9.34607.119
MinimumVisualStudioVersion = 10.0.40219.1
Project("{FAE04EC0-301F-11D3-BF4B-00C04F79EFBC}") = "LibraryDb", "LibraryDb\LibraryDb.csproj", "{B2827413-25FC-4C10-8DB2-98AC6A1FD71D}"
EndProject
Project("{FAE04EC0-301F-11D3-BF4B-00C04F79EFBC}") = "BooksAuthors", "BooksAuthors\BooksAuthors.csproj", "{F120FD2E-418D-4C45-8A27-ED9CEAC47EB0}"
EndProject
Global
	GlobalSection(SolutionConfigurationPlatforms) = preSolution
		Debug|Any CPU = Debug|Any CPU
		Release|Any CPU = Release|Any CPU
	EndGlobalSection
	GlobalSection(ProjectConfigurationPlatforms) = postSolution
		{B2827413-25FC-4C10-8DB2-98AC6A1FD71D}.Debug|Any CPU.ActiveCfg = Debug|Any CPU
		{B2827413-25FC-4C10-8DB2-98AC6A1FD71D}.Debug|Any CPU.Build.0 = Debug|Any CPU
		{B2827413-25FC-4C10-8DB2-98AC6A1FD71D}.Release|Any CPU.ActiveCfg = Release|Any CPU
		{B2827413-25FC-4C10-8DB2-98AC6A1FD71D}.Release|Any CPU.Build.0 = Release|Any CPU
		{F120FD2E-418D-4C45-8A27-ED9CEAC47EB0}.Debug|Any CPU.ActiveCfg = Debug|Any CPU
		{F120FD2E-418D-4C45-8A27-ED9CEAC47EB0}.Debug|Any CPU.Build.0 = Debug|Any CPU
		{F120FD2E-418D-4C45-8A27-ED9CEAC47EB0}.Release|Any CPU.ActiveCfg = Release|Any CPU
		{F120FD2E-418D-4C45-8A27-ED9CEAC47EB0}.Release|Any CPU.Build.0 = Release|Any CPU
	EndGlobalSection
	GlobalSection(SolutionProperties) = preSolution
		HideSolutionNode = FALSE
	EndGlobalSection
	GlobalSection(ExtensibilityGlobals) = postSolution
		SolutionGuid = {EDBA1D46-FA19-4973-9494-63991F0DCFB0}
	EndGlobalSection
EndGlobal
